
Microsoft Visual Studio Solution File, Format Version 12.00
# Visual Studio 15
VisualStudioVersion = 15.0.28307.960
MinimumVisualStudioVersion = 10.0.40219.1
Project("{FAE04EC0-301F-11D3-BF4B-00C04F79EFBC}") = "Observer", "Observer\Observer.csproj", "{3D31C852-9230-4240-9ED0-11A5236AA812}"
EndProject
Project("{FAE04EC0-301F-11D3-BF4B-00C04F79EFBC}") = "ObserverRealWorld", "ObserverRealWorld\ObserverRealWorld.csproj", "{47BBC0DE-2BCA-46E8-AD44-5DBDACF97D46}"
EndProject
Global
	GlobalSection(SolutionConfigurationPlatforms) = preSolution
		Debug|Any CPU = Debug|Any CPU
		Release|Any CPU = Release|Any CPU
	EndGlobalSection
	GlobalSection(ProjectConfigurationPlatforms) = postSolution
		{3D31C852-9230-4240-9ED0-11A5236AA812}.Debug|Any CPU.ActiveCfg = Debug|Any CPU
		{3D31C852-9230-4240-9ED0-11A5236AA812}.Debug|Any CPU.Build.0 = Debug|Any CPU
		{3D31C852-9230-4240-9ED0-11A5236AA812}.Release|Any CPU.ActiveCfg = Release|Any CPU
		{3D31C852-9230-4240-9ED0-11A5236AA812}.Release|Any CPU.Build.0 = Release|Any CPU
		{47BBC0DE-2BCA-46E8-AD44-5DBDACF97D46}.Debug|Any CPU.ActiveCfg = Debug|Any CPU
		{47BBC0DE-2BCA-46E8-AD44-5DBDACF97D46}.Debug|Any CPU.Build.0 = Debug|Any CPU
		{47BBC0DE-2BCA-46E8-AD44-5DBDACF97D46}.Release|Any CPU.ActiveCfg = Release|Any CPU
		{47BBC0DE-2BCA-46E8-AD44-5DBDACF97D46}.Release|Any CPU.Build.0 = Release|Any CPU
	EndGlobalSection
	GlobalSection(SolutionProperties) = preSolution
		HideSolutionNode = FALSE
	EndGlobalSection
	GlobalSection(ExtensibilityGlobals) = postSolution
		SolutionGuid = {9679A7CC-526D-41F2-8E39-DC1445CD05CF}
	EndGlobalSection
EndGlobal
